
Microsoft Visual Studio Solution File, Format Version 11.00
# Visual Studio 2010
Project("{FAE04EC0-301F-11D3-BF4B-00C04F79EFBC}") = "BlockDestroyer", "BlockDestroyer\BlockDestroyer\BlockDestroyer.csproj", "{28E1EE99-D25E-42ED-AAC9-C959DEBE6B97}"
EndProject
Project("{FAE04EC0-301F-11D3-BF4B-00C04F79EFBC}") = "BlockDestroyerContent", "BlockDestroyer\BlockDestroyerContent\BlockDestroyerContent.contentproj", "{2EAEB1A8-2258-4655-89F6-6F7EA07EC593}"
EndProject
Project("{FAE04EC0-301F-11D3-BF4B-00C04F79EFBC}") = "BDUnitTests", "BDUnitTests\BDUnitTests.csproj", "{168C1CC7-0497-4716-ACDF-4E06AEA210C5}"
EndProject
Global
	GlobalSection(TestCaseManagementSettings) = postSolution
		CategoryFile = BlockDestroyer2.vsmdi
	EndGlobalSection
	GlobalSection(SolutionConfigurationPlatforms) = preSolution
		Debug|Any CPU = Debug|Any CPU
		Debug|Mixed Platforms = Debug|Mixed Platforms
		Debug|Win32 = Debug|Win32
		Debug|x86 = Debug|x86
		Release|Any CPU = Release|Any CPU
		Release|Mixed Platforms = Release|Mixed Platforms
		Release|Win32 = Release|Win32
		Release|x86 = Release|x86
	EndGlobalSection
	GlobalSection(ProjectConfigurationPlatforms) = postSolution
		{28E1EE99-D25E-42ED-AAC9-C959DEBE6B97}.Debug|Any CPU.ActiveCfg = Debug|x86
		{28E1EE99-D25E-42ED-AAC9-C959DEBE6B97}.Debug|Mixed Platforms.ActiveCfg = Debug|x86
		{28E1EE99-D25E-42ED-AAC9-C959DEBE6B97}.Debug|Mixed Platforms.Build.0 = Debug|x86
		{28E1EE99-D25E-42ED-AAC9-C959DEBE6B97}.Debug|Win32.ActiveCfg = Debug|x86
		{28E1EE99-D25E-42ED-AAC9-C959DEBE6B97}.Debug|x86.ActiveCfg = Debug|x86
		{28E1EE99-D25E-42ED-AAC9-C959DEBE6B97}.Debug|x86.Build.0 = Debug|x86
		{28E1EE99-D25E-42ED-AAC9-C959DEBE6B97}.Release|Any CPU.ActiveCfg = Release|x86
		{28E1EE99-D25E-42ED-AAC9-C959DEBE6B97}.Release|Mixed Platforms.ActiveCfg = Release|x86
		{28E1EE99-D25E-42ED-AAC9-C959DEBE6B97}.Release|Mixed Platforms.Build.0 = Release|x86
		{28E1EE99-D25E-42ED-AAC9-C959DEBE6B97}.Release|Win32.ActiveCfg = Release|x86
		{28E1EE99-D25E-42ED-AAC9-C959DEBE6B97}.Release|x86.ActiveCfg = Release|x86
		{28E1EE99-D25E-42ED-AAC9-C959DEBE6B97}.Release|x86.Build.0 = Release|x86
		{2EAEB1A8-2258-4655-89F6-6F7EA07EC593}.Debug|Any CPU.ActiveCfg = Debug|x86
		{2EAEB1A8-2258-4655-89F6-6F7EA07EC593}.Debug|Mixed Platforms.ActiveCfg = Debug|x86
		{2EAEB1A8-2258-4655-89F6-6F7EA07EC593}.Debug|Win32.ActiveCfg = Debug|x86
		{2EAEB1A8-2258-4655-89F6-6F7EA07EC593}.Debug|x86.ActiveCfg = Debug|x86
		{2EAEB1A8-2258-4655-89F6-6F7EA07EC593}.Release|Any CPU.ActiveCfg = Release|x86
		{2EAEB1A8-2258-4655-89F6-6F7EA07EC593}.Release|Mixed Platforms.ActiveCfg = Release|x86
		{2EAEB1A8-2258-4655-89F6-6F7EA07EC593}.Release|Win32.ActiveCfg = Release|x86
		{2EAEB1A8-2258-4655-89F6-6F7EA07EC593}.Release|x86.ActiveCfg = Release|x86
		{168C1CC7-0497-4716-ACDF-4E06AEA210C5}.Debug|Any CPU.ActiveCfg = Debug|Any CPU
		{168C1CC7-0497-4716-ACDF-4E06AEA210C5}.Debug|Any CPU.Build.0 = Debug|Any CPU
		{168C1CC7-0497-4716-ACDF-4E06AEA210C5}.Debug|Mixed Platforms.ActiveCfg = Debug|Any CPU
		{168C1CC7-0497-4716-ACDF-4E06AEA210C5}.Debug|Mixed Platforms.Build.0 = Debug|Any CPU
		{168C1CC7-0497-4716-ACDF-4E06AEA210C5}.Debug|Win32.ActiveCfg = Debug|Any CPU
		{168C1CC7-0497-4716-ACDF-4E06AEA210C5}.Debug|x86.ActiveCfg = Debug|Any CPU
		{168C1CC7-0497-4716-ACDF-4E06AEA210C5}.Release|Any CPU.ActiveCfg = Release|Any CPU
		{168C1CC7-0497-4716-ACDF-4E06AEA210C5}.Release|Any CPU.Build.0 = Release|Any CPU
		{168C1CC7-0497-4716-ACDF-4E06AEA210C5}.Release|Mixed Platforms.ActiveCfg = Release|Any CPU
		{168C1CC7-0497-4716-ACDF-4E06AEA210C5}.Release|Mixed Platforms.Build.0 = Release|Any CPU
		{168C1CC7-0497-4716-ACDF-4E06AEA210C5}.Release|Win32.ActiveCfg = Release|Any CPU
		{168C1CC7-0497-4716-ACDF-4E06AEA210C5}.Release|x86.ActiveCfg = Release|Any CPU
	EndGlobalSection
	GlobalSection(SolutionProperties) = preSolution
		HideSolutionNode = FALSE
	EndGlobalSection
EndGlobal
